
Microsoft Visual Studio Solution File, Format Version 12.00
# Visual Studio Version 17
VisualStudioVersion = 17.2.32616.157
MinimumVisualStudioVersion = 10.0.40219.1
Project("{FAE04EC0-301F-11D3-BF4B-00C04F79EFBC}") = "Testing Applications", "Testing Applications\Testing Applications.csproj", "{95136850-4A41-4011-9B99-EF61A188301B}"
EndProject
Global
	GlobalSection(SolutionConfigurationPlatforms) = preSolution
		Debug|Any CPU = Debug|Any CPU
		Release|Any CPU = Release|Any CPU
	EndGlobalSection
	GlobalSection(ProjectConfigurationPlatforms) = postSolution
		{95136850-4A41-4011-9B99-EF61A188301B}.Debug|Any CPU.ActiveCfg = Debug|Any CPU
		{95136850-4A41-4011-9B99-EF61A188301B}.Debug|Any CPU.Build.0 = Debug|Any CPU
		{95136850-4A41-4011-9B99-EF61A188301B}.Release|Any CPU.ActiveCfg = Release|Any CPU
		{95136850-4A41-4011-9B99-EF61A188301B}.Release|Any CPU.Build.0 = Release|Any CPU
	EndGlobalSection
	GlobalSection(SolutionProperties) = preSolution
		HideSolutionNode = FALSE
	EndGlobalSection
	GlobalSection(ExtensibilityGlobals) = postSolution
		SolutionGuid = {F6A2B48F-19F7-40D3-80D3-EE0C77F4E620}
	EndGlobalSection
EndGlobal
